
Microsoft Visual Studio Solution File, Format Version 12.00
# Visual Studio Version 17
VisualStudioVersion = 17.7.34024.191
MinimumVisualStudioVersion = 10.0.40219.1
Project("{FAE04EC0-301F-11D3-BF4B-00C04F79EFBC}") = "Epicode_S5_L3_BackEnd", "Epicode_S5_L3_BackEnd\Epicode_S5_L3_BackEnd.csproj", "{84183BF4-C337-4EE2-BCA3-EDED30C36E95}"
EndProject
Global
	GlobalSection(SolutionConfigurationPlatforms) = preSolution
		Debug|Any CPU = Debug|Any CPU
		Release|Any CPU = Release|Any CPU
	EndGlobalSection
	GlobalSection(ProjectConfigurationPlatforms) = postSolution
		{84183BF4-C337-4EE2-BCA3-EDED30C36E95}.Debug|Any CPU.ActiveCfg = Debug|Any CPU
		{84183BF4-C337-4EE2-BCA3-EDED30C36E95}.Debug|Any CPU.Build.0 = Debug|Any CPU
		{84183BF4-C337-4EE2-BCA3-EDED30C36E95}.Release|Any CPU.ActiveCfg = Release|Any CPU
		{84183BF4-C337-4EE2-BCA3-EDED30C36E95}.Release|Any CPU.Build.0 = Release|Any CPU
	EndGlobalSection
	GlobalSection(SolutionProperties) = preSolution
		HideSolutionNode = FALSE
	EndGlobalSection
	GlobalSection(ExtensibilityGlobals) = postSolution
		SolutionGuid = {74F31434-90F7-4067-A665-669C827AFC67}
	EndGlobalSection
EndGlobal
